<?xml version="1.0" encoding="utf-8"?>
<Project ToolsVersion="4.0" xmlns="http://schemas.microsoft.com/developer/msbuild/2003">
  <ItemGroup>
    <Filter Include="Source Files">
      <UniqueIdentifier>{4FC737F1-C7A5-4376-A066-2A32D752A2FF}</UniqueIdentifier>
      <Extensions>cpp;c;cc;cxx;c++;cppm;ixx;def;odl;idl;hpj;bat;asm;asmx</Extensions>
    </Filter>
    <Filter Include="Header Files">
      <UniqueIdentifier>{93995380-89BD-4b04-88EB-625FBE52EBFB}</UniqueIdentifier>
      <Extensions>h;hh;hpp;hxx;h++;hm;inl;inc;ipp;xsd</Extensions>
    </Filter>
    <Filter Include="Resource Files">
      <UniqueIdentifier>{67DA6AB6-F800-4c08-8B7A-83BB121AAD01}</UniqueIdentifier>
      <Extensions>rc;ico;cur;bmp;dlg;rc2;rct;bin;rgs;gif;jpg;jpeg;jpe;resx;tiff;tif;png;wav;mfcribbon-ms</Extensions>
    </Filter>
    <Filter Include="Source Files\Ingresos cpp">
      <UniqueIdentifier>{5bd76ee4-8797-4a74-b847-5545b62ba441}</UniqueIdentifier>
    </Filter>
    <Filter Include="Header Files\Ingresos h">
      <UniqueIdentifier>{f3373353-091d-403f-9dbb-e5ac5d646698}</UniqueIdentifier>
    </Filter>
    <Filter Include="Header Files\Deducciones h">
      <UniqueIdentifier>{9b893eb7-25a3-4159-8eea-90997308fda8}</UniqueIdentifier>
    </Filter>
    <Filter Include="Source Files\Deducciones cpp">
      <UniqueIdentifier>{7dc60a10-2c6e-4f2f-8138-a8e5252d3a7f}</UniqueIdentifier>
    </Filter>
  </ItemGroup>
  <ItemGroup>
    <ClCompile Include="ObjectAdaptador.cpp">
      <Filter>Source Files</Filter>
    </ClCompile>
    <ClCompile Include="main.cpp">
      <Filter>Source Files</Filter>
    </ClCompile>
    <ClCompile Include="BonificacionesMontoFijo.cpp">
      <Filter>Source Files\Ingresos cpp</Filter>
    </ClCompile>
    <ClCompile Include="BonificacionesPorcentuales.cpp">
      <Filter>Source Files\Ingresos cpp</Filter>
    </ClCompile>
    <ClCompile Include="HorasFeriadoLaborado.cpp">
      <Filter>Source Files\Ingresos cpp</Filter>
    </ClCompile>
    <ClCompile Include="HorasOrdinariasDiurno.cpp">
      <Filter>Source Files\Ingresos cpp</Filter>
    </ClCompile>
    <ClCompile Include="HorasOrdinariasMixta.cpp">
      <Filter>Source Files\Ingresos cpp</Filter>
    </ClCompile>
    <ClCompile Include="HorasOrdinariasNocturno.cpp">
      <Filter>Source Files\Ingresos cpp</Filter>
    </ClCompile>
    <ClCompile Include="Calculos.cpp">
      <Filter>Source Files</Filter>
    </ClCompile>
    <ClCompile Include="BuilderCalculos.cpp">
      <Filter>Source Files</Filter>
    </ClCompile>
    <ClCompile Include="FactoryDeduccionPorcentual.cpp">
      <Filter>Source Files\Deducciones cpp</Filter>
    </ClCompile>
    <ClCompile Include="FactoryDeduccionFija.cpp">
      <Filter>Source Files\Deducciones cpp</Filter>
    </ClCompile>
    <ClCompile Include="FactoryDeduccionesPermanentes.cpp">
      <Filter>Source Files\Deducciones cpp</Filter>
    </ClCompile>
    <ClCompile Include="DeduccionPorcentual.cpp">
      <Filter>Source Files\Deducciones cpp</Filter>
    </ClCompile>
    <ClCompile Include="DeduccionFija.cpp">
      <Filter>Source Files\Deducciones cpp</Filter>
    </ClCompile>
    <ClCompile Include="DeduccionesPermanentes.cpp">
      <Filter>Source Files\Deducciones cpp</Filter>
    </ClCompile>
    <ClCompile Include="FactoryDeducciones.cpp">
      <Filter>Source Files\Deducciones cpp</Filter>
    </ClCompile>
    <ClCompile Include="FactoryIngresos.cpp">
      <Filter>Source Files\Ingresos cpp</Filter>
    </ClCompile>
  </ItemGroup>
  <ItemGroup>
    <ClInclude Include="IEnumerable.h">
      <Filter>Header Files</Filter>
    </ClInclude>
    <ClInclude Include="IIterador.h">
      <Filter>Header Files</Filter>
    </ClInclude>
    <ClInclude Include="IObjecto.h">
      <Filter>Header Files</Filter>
    </ClInclude>
    <ClInclude Include="ObjectAdaptador.h">
      <Filter>Header Files</Filter>
    </ClInclude>
    <ClInclude Include="BonificacionesMontoFijo.h">
      <Filter>Header Files\Ingresos h</Filter>
    </ClInclude>
    <ClInclude Include="BonificacionesPorcentuales.h">
      <Filter>Header Files\Ingresos h</Filter>
    </ClInclude>
    <ClInclude Include="FactoryIngresos.h">
      <Filter>Header Files\Ingresos h</Filter>
    </ClInclude>
    <ClInclude Include="HorasFeriadoLaborado.h">
      <Filter>Header Files\Ingresos h</Filter>
    </ClInclude>
    <ClInclude Include="HorasOrdinariasDiurno.h">
      <Filter>Header Files\Ingresos h</Filter>
    </ClInclude>
    <ClInclude Include="HorasOrdinariasMixta.h">
      <Filter>Header Files\Ingresos h</Filter>
    </ClInclude>
    <ClInclude Include="HorasOrdinariasNocturno.h">
      <Filter>Header Files\Ingresos h</Filter>
    </ClInclude>
    <ClInclude Include="IIngresos.h">
      <Filter>Header Files\Ingresos h</Filter>
    </ClInclude>
    <ClInclude Include="DeduccionesPermanentes.h">
      <Filter>Header Files\Deducciones h</Filter>
    </ClInclude>
    <ClInclude Include="FactoryDeducciones.h">
      <Filter>Header Files\Deducciones h</Filter>
    </ClInclude>
    <ClInclude Include="FactoryDeduccionesPermanentes.h">
      <Filter>Header Files\Deducciones h</Filter>
    </ClInclude>
    <ClInclude Include="IDeducciones.h">
      <Filter>Header Files\Deducciones h</Filter>
    </ClInclude>
    <ClInclude Include="DeduccionFija.h">
      <Filter>Header Files\Deducciones h</Filter>
    </ClInclude>
    <ClInclude Include="DeduccionPorcentual.h">
      <Filter>Header Files\Deducciones h</Filter>
    </ClInclude>
    <ClInclude Include="FactoryDeduccionFija.h">
      <Filter>Header Files\Deducciones h</Filter>
    </ClInclude>
    <ClInclude Include="FactoryDeduccionPorcentual.h">
      <Filter>Header Files\Deducciones h</Filter>
    </ClInclude>
    <ClInclude Include="Calculos.h">
      <Filter>Header Files</Filter>
    </ClInclude>
    <ClInclude Include="BuilderCalculos.h">
      <Filter>Header Files</Filter>
    </ClInclude>
  </ItemGroup>
  <ItemGroup>
    <None Include="ClassDiagram.cd" />
  </ItemGroup>
</Project>